
Microsoft Visual Studio Solution File, Format Version 12.00
# Visual Studio Version 16
VisualStudioVersion = 16.0.32002.261
MinimumVisualStudioVersion = 10.0.40219.1
Project("{9A19103F-16F7-4668-BE54-9A1E7A4F7556}") = "eLibrary", "eLibrary\eLibrary.csproj", "{74C51884-EA42-4CEF-8554-3179970C7A43}"
EndProject
Project("{9A19103F-16F7-4668-BE54-9A1E7A4F7556}") = "eLibrary.Model", "eLibrary.Model\eLibrary.Model.csproj", "{978F2FDC-709B-4C91-89D4-618F21ECF8AA}"
EndProject
Project("{9A19103F-16F7-4668-BE54-9A1E7A4F7556}") = "eLibrary.WinUI", "eLibrary.WinUI\eLibrary.WinUI.csproj", "{47A870D5-485B-41BF-A11C-3B21143815FF}"
EndProject
Project("{2150E333-8FDC-42A3-9474-1A3956D46DE8}") = "eLibrary.Mobile", "eLibrary.Mobile", "{389E4A1B-8FCC-4DFF-A6AA-F548623776FA}"
EndProject
Project("{FAE04EC0-301F-11D3-BF4B-00C04F79EFBC}") = "eLibrary.Mob.UWP", "eLibrary.Mob\eLibrary.Mob.UWP\eLibrary.Mob.UWP.csproj", "{EC17C7E2-B999-4D04-A248-C247373C1B7F}"
EndProject
Project("{FAE04EC0-301F-11D3-BF4B-00C04F79EFBC}") = "eLibrary.Mob.Android", "eLibrary.Mob\eLibrary.Mob.Android\eLibrary.Mob.Android.csproj", "{C9160897-22E8-4267-B3BB-6B9F931C70EE}"
EndProject
Project("{FAE04EC0-301F-11D3-BF4B-00C04F79EFBC}") = "eLibrary.Mob.iOS", "eLibrary.Mob\eLibrary.Mob.iOS\eLibrary.Mob.iOS.csproj", "{726D9F1C-6ECF-4E15-9B11-3CEE99F4C317}"
EndProject
Project("{9A19103F-16F7-4668-BE54-9A1E7A4F7556}") = "eLibrary.Mob", "eLibrary.Mob\eLibrary.Mob\eLibrary.Mob.csproj", "{490D9D6C-DB79-4811-9058-274EF97A24E9}"
EndProject
Project("{9A19103F-16F7-4668-BE54-9A1E7A4F7556}") = "eLibrary.ModelForMobile", "eLibrary.ModelForMobile\eLibrary.ModelForMobile.csproj", "{3F6CFB9D-7361-42B0-B64B-E2ABB1EC8CFD}"
EndProject
Global
	GlobalSection(SolutionConfigurationPlatforms) = preSolution
		Debug|Any CPU = Debug|Any CPU
		Debug|ARM = Debug|ARM
		Debug|iPhone = Debug|iPhone
		Debug|iPhoneSimulator = Debug|iPhoneSimulator
		Debug|x64 = Debug|x64
		Debug|x86 = Debug|x86
		Release|Any CPU = Release|Any CPU
		Release|ARM = Release|ARM
		Release|iPhone = Release|iPhone
		Release|iPhoneSimulator = Release|iPhoneSimulator
		Release|x64 = Release|x64
		Release|x86 = Release|x86
	EndGlobalSection
	GlobalSection(ProjectConfigurationPlatforms) = postSolution
		{74C51884-EA42-4CEF-8554-3179970C7A43}.Debug|Any CPU.ActiveCfg = Debug|Any CPU
		{74C51884-EA42-4CEF-8554-3179970C7A43}.Debug|Any CPU.Build.0 = Debug|Any CPU
		{74C51884-EA42-4CEF-8554-3179970C7A43}.Debug|ARM.ActiveCfg = Debug|Any CPU
		{74C51884-EA42-4CEF-8554-3179970C7A43}.Debug|ARM.Build.0 = Debug|Any CPU
		{74C51884-EA42-4CEF-8554-3179970C7A43}.Debug|iPhone.ActiveCfg = Debug|Any CPU
		{74C51884-EA42-4CEF-8554-3179970C7A43}.Debug|iPhone.Build.0 = Debug|Any CPU
		{74C51884-EA42-4CEF-8554-3179970C7A43}.Debug|iPhoneSimulator.ActiveCfg = Debug|Any CPU
		{74C51884-EA42-4CEF-8554-3179970C7A43}.Debug|iPhoneSimulator.Build.0 = Debug|Any CPU
		{74C51884-EA42-4CEF-8554-3179970C7A43}.Debug|x64.ActiveCfg = Debug|Any CPU
		{74C51884-EA42-4CEF-8554-3179970C7A43}.Debug|x64.Build.0 = Debug|Any CPU
		{74C51884-EA42-4CEF-8554-3179970C7A43}.Debug|x86.ActiveCfg = Debug|Any CPU
		{74C51884-EA42-4CEF-8554-3179970C7A43}.Debug|x86.Build.0 = Debug|Any CPU
		{74C51884-EA42-4CEF-8554-3179970C7A43}.Release|Any CPU.ActiveCfg = Release|Any CPU
		{74C51884-EA42-4CEF-8554-3179970C7A43}.Release|Any CPU.Build.0 = Release|Any CPU
		{74C51884-EA42-4CEF-8554-3179970C7A43}.Release|ARM.ActiveCfg = Release|Any CPU
		{74C51884-EA42-4CEF-8554-3179970C7A43}.Release|ARM.Build.0 = Release|Any CPU
		{74C51884-EA42-4CEF-8554-3179970C7A43}.Release|iPhone.ActiveCfg = Release|Any CPU
		{74C51884-EA42-4CEF-8554-3179970C7A43}.Release|iPhone.Build.0 = Release|Any CPU
		{74C51884-EA42-4CEF-8554-3179970C7A43}.Release|iPhoneSimulator.ActiveCfg = Release|Any CPU
		{74C51884-EA42-4CEF-8554-3179970C7A43}.Release|iPhoneSimulator.Build.0 = Release|Any CPU
		{74C51884-EA42-4CEF-8554-3179970C7A43}.Release|x64.ActiveCfg = Release|Any CPU
		{74C51884-EA42-4CEF-8554-3179970C7A43}.Release|x64.Build.0 = Release|Any CPU
		{74C51884-EA42-4CEF-8554-3179970C7A43}.Release|x86.ActiveCfg = Release|Any CPU
		{74C51884-EA42-4CEF-8554-3179970C7A43}.Release|x86.Build.0 = Release|Any CPU
		{978F2FDC-709B-4C91-89D4-618F21ECF8AA}.Debug|Any CPU.ActiveCfg = Debug|Any CPU
		{978F2FDC-709B-4C91-89D4-618F21ECF8AA}.Debug|Any CPU.Build.0 = Debug|Any CPU
		{978F2FDC-709B-4C91-89D4-618F21ECF8AA}.Debug|ARM.ActiveCfg = Debug|Any CPU
		{978F2FDC-709B-4C91-89D4-618F21ECF8AA}.Debug|ARM.Build.0 = Debug|Any CPU
		{978F2FDC-709B-4C91-89D4-618F21ECF8AA}.Debug|iPhone.ActiveCfg = Debug|Any CPU
		{978F2FDC-709B-4C91-89D4-618F21ECF8AA}.Debug|iPhone.Build.0 = Debug|Any CPU
		{978F2FDC-709B-4C91-89D4-618F21ECF8AA}.Debug|iPhoneSimulator.ActiveCfg = Debug|Any CPU
		{978F2FDC-709B-4C91-89D4-618F21ECF8AA}.Debug|iPhoneSimulator.Build.0 = Debug|Any CPU
		{978F2FDC-709B-4C91-89D4-618F21ECF8AA}.Debug|x64.ActiveCfg = Debug|Any CPU
		{978F2FDC-709B-4C91-89D4-618F21ECF8AA}.Debug|x64.Build.0 = Debug|Any CPU
		{978F2FDC-709B-4C91-89D4-618F21ECF8AA}.Debug|x86.ActiveCfg = Debug|Any CPU
		{978F2FDC-709B-4C91-89D4-618F21ECF8AA}.Debug|x86.Build.0 = Debug|Any CPU
		{978F2FDC-709B-4C91-89D4-618F21ECF8AA}.Release|Any CPU.ActiveCfg = Release|Any CPU
		{978F2FDC-709B-4C91-89D4-618F21ECF8AA}.Release|Any CPU.Build.0 = Release|Any CPU
		{978F2FDC-709B-4C91-89D4-618F21ECF8AA}.Release|ARM.ActiveCfg = Release|Any CPU
		{978F2FDC-709B-4C91-89D4-618F21ECF8AA}.Release|ARM.Build.0 = Release|Any CPU
		{978F2FDC-709B-4C91-89D4-618F21ECF8AA}.Release|iPhone.ActiveCfg = Release|Any CPU
		{978F2FDC-709B-4C91-89D4-618F21ECF8AA}.Release|iPhone.Build.0 = Release|Any CPU
		{978F2FDC-709B-4C91-89D4-618F21ECF8AA}.Release|iPhoneSimulator.ActiveCfg = Release|Any CPU
		{978F2FDC-709B-4C91-89D4-618F21ECF8AA}.Release|iPhoneSimulator.Build.0 = Release|Any CPU
		{978F2FDC-709B-4C91-89D4-618F21ECF8AA}.Release|x64.ActiveCfg = Release|Any CPU
		{978F2FDC-709B-4C91-89D4-618F21ECF8AA}.Release|x64.Build.0 = Release|Any CPU
		{978F2FDC-709B-4C91-89D4-618F21ECF8AA}.Release|x86.ActiveCfg = Release|Any CPU
		{978F2FDC-709B-4C91-89D4-618F21ECF8AA}.Release|x86.Build.0 = Release|Any CPU
		{47A870D5-485B-41BF-A11C-3B21143815FF}.Debug|Any CPU.ActiveCfg = Debug|Any CPU
		{47A870D5-485B-41BF-A11C-3B21143815FF}.Debug|Any CPU.Build.0 = Debug|Any CPU
		{47A870D5-485B-41BF-A11C-3B21143815FF}.Debug|ARM.ActiveCfg = Debug|Any CPU
		{47A870D5-485B-41BF-A11C-3B21143815FF}.Debug|ARM.Build.0 = Debug|Any CPU
		{47A870D5-485B-41BF-A11C-3B21143815FF}.Debug|iPhone.ActiveCfg = Debug|Any CPU
		{47A870D5-485B-41BF-A11C-3B21143815FF}.Debug|iPhone.Build.0 = Debug|Any CPU
		{47A870D5-485B-41BF-A11C-3B21143815FF}.Debug|iPhoneSimulator.ActiveCfg = Debug|Any CPU
		{47A870D5-485B-41BF-A11C-3B21143815FF}.Debug|iPhoneSimulator.Build.0 = Debug|Any CPU
		{47A870D5-485B-41BF-A11C-3B21143815FF}.Debug|x64.ActiveCfg = Debug|Any CPU
		{47A870D5-485B-41BF-A11C-3B21143815FF}.Debug|x64.Build.0 = Debug|Any CPU
		{47A870D5-485B-41BF-A11C-3B21143815FF}.Debug|x86.ActiveCfg = Debug|Any CPU
		{47A870D5-485B-41BF-A11C-3B21143815FF}.Debug|x86.Build.0 = Debug|Any CPU
		{47A870D5-485B-41BF-A11C-3B21143815FF}.Release|Any CPU.ActiveCfg = Release|Any CPU
		{47A870D5-485B-41BF-A11C-3B21143815FF}.Release|Any CPU.Build.0 = Release|Any CPU
		{47A870D5-485B-41BF-A11C-3B21143815FF}.Release|ARM.ActiveCfg = Release|Any CPU
		{47A870D5-485B-41BF-A11C-3B21143815FF}.Release|ARM.Build.0 = Release|Any CPU
		{47A870D5-485B-41BF-A11C-3B21143815FF}.Release|iPhone.ActiveCfg = Release|Any CPU
		{47A870D5-485B-41BF-A11C-3B21143815FF}.Release|iPhone.Build.0 = Release|Any CPU
		{47A870D5-485B-41BF-A11C-3B21143815FF}.Release|iPhoneSimulator.ActiveCfg = Release|Any CPU
		{47A870D5-485B-41BF-A11C-3B21143815FF}.Release|iPhoneSimulator.Build.0 = Release|Any CPU
		{47A870D5-485B-41BF-A11C-3B21143815FF}.Release|x64.ActiveCfg = Release|Any CPU
		{47A870D5-485B-41BF-A11C-3B21143815FF}.Release|x64.Build.0 = Release|Any CPU
		{47A870D5-485B-41BF-A11C-3B21143815FF}.Release|x86.ActiveCfg = Release|Any CPU
		{47A870D5-485B-41BF-A11C-3B21143815FF}.Release|x86.Build.0 = Release|Any CPU
		{EC17C7E2-B999-4D04-A248-C247373C1B7F}.Debug|Any CPU.ActiveCfg = Debug|x86
		{EC17C7E2-B999-4D04-A248-C247373C1B7F}.Debug|Any CPU.Build.0 = Debug|x86
		{EC17C7E2-B999-4D04-A248-C247373C1B7F}.Debug|Any CPU.Deploy.0 = Debug|x86
		{EC17C7E2-B999-4D04-A248-C247373C1B7F}.Debug|ARM.ActiveCfg = Debug|ARM
		{EC17C7E2-B999-4D04-A248-C247373C1B7F}.Debug|ARM.Build.0 = Debug|ARM
		{EC17C7E2-B999-4D04-A248-C247373C1B7F}.Debug|ARM.Deploy.0 = Debug|ARM
		{EC17C7E2-B999-4D04-A248-C247373C1B7F}.Debug|iPhone.ActiveCfg = Debug|x86
		{EC17C7E2-B999-4D04-A248-C247373C1B7F}.Debug|iPhoneSimulator.ActiveCfg = Debug|x86
		{EC17C7E2-B999-4D04-A248-C247373C1B7F}.Debug|x64.ActiveCfg = Debug|x64
		{EC17C7E2-B999-4D04-A248-C247373C1B7F}.Debug|x64.Build.0 = Debug|x64
		{EC17C7E2-B999-4D04-A248-C247373C1B7F}.Debug|x64.Deploy.0 = Debug|x64
		{EC17C7E2-B999-4D04-A248-C247373C1B7F}.Debug|x86.ActiveCfg = Debug|x86
		{EC17C7E2-B999-4D04-A248-C247373C1B7F}.Debug|x86.Build.0 = Debug|x86
		{EC17C7E2-B999-4D04-A248-C247373C1B7F}.Debug|x86.Deploy.0 = Debug|x86
		{EC17C7E2-B999-4D04-A248-C247373C1B7F}.Release|Any CPU.ActiveCfg = Release|x86
		{EC17C7E2-B999-4D04-A248-C247373C1B7F}.Release|ARM.ActiveCfg = Release|ARM
		{EC17C7E2-B999-4D04-A248-C247373C1B7F}.Release|ARM.Build.0 = Release|ARM
		{EC17C7E2-B999-4D04-A248-C247373C1B7F}.Release|ARM.Deploy.0 = Release|ARM
		{EC17C7E2-B999-4D04-A248-C247373C1B7F}.Release|iPhone.ActiveCfg = Release|x86
		{EC17C7E2-B999-4D04-A248-C247373C1B7F}.Release|iPhoneSimulator.ActiveCfg = Release|x86
		{EC17C7E2-B999-4D04-A248-C247373C1B7F}.Release|x64.ActiveCfg = Release|x64
		{EC17C7E2-B999-4D04-A248-C247373C1B7F}.Release|x64.Build.0 = Release|x64
		{EC17C7E2-B999-4D04-A248-C247373C1B7F}.Release|x64.Deploy.0 = Release|x64
		{EC17C7E2-B999-4D04-A248-C247373C1B7F}.Release|x86.ActiveCfg = Release|x86
		{EC17C7E2-B999-4D04-A248-C247373C1B7F}.Release|x86.Build.0 = Release|x86
		{EC17C7E2-B999-4D04-A248-C247373C1B7F}.Release|x86.Deploy.0 = Release|x86
		{C9160897-22E8-4267-B3BB-6B9F931C70EE}.Debug|Any CPU.ActiveCfg = Debug|Any CPU
		{C9160897-22E8-4267-B3BB-6B9F931C70EE}.Debug|Any CPU.Build.0 = Debug|Any CPU
		{C9160897-22E8-4267-B3BB-6B9F931C70EE}.Debug|Any CPU.Deploy.0 = Debug|Any CPU
		{C9160897-22E8-4267-B3BB-6B9F931C70EE}.Debug|ARM.ActiveCfg = Debug|Any CPU
		{C9160897-22E8-4267-B3BB-6B9F931C70EE}.Debug|ARM.Build.0 = Debug|Any CPU
		{C9160897-22E8-4267-B3BB-6B9F931C70EE}.Debug|ARM.Deploy.0 = Debug|Any CPU
		{C9160897-22E8-4267-B3BB-6B9F931C70EE}.Debug|iPhone.ActiveCfg = Debug|Any CPU
		{C9160897-22E8-4267-B3BB-6B9F931C70EE}.Debug|iPhone.Build.0 = Debug|Any CPU
		{C9160897-22E8-4267-B3BB-6B9F931C70EE}.Debug|iPhone.Deploy.0 = Debug|Any CPU
		{C9160897-22E8-4267-B3BB-6B9F931C70EE}.Debug|iPhoneSimulator.ActiveCfg = Debug|Any CPU
		{C9160897-22E8-4267-B3BB-6B9F931C70EE}.Debug|iPhoneSimulator.Build.0 = Debug|Any CPU
		{C9160897-22E8-4267-B3BB-6B9F931C70EE}.Debug|iPhoneSimulator.Deploy.0 = Debug|Any CPU
		{C9160897-22E8-4267-B3BB-6B9F931C70EE}.Debug|x64.ActiveCfg = Debug|Any CPU
		{C9160897-22E8-4267-B3BB-6B9F931C70EE}.Debug|x64.Build.0 = Debug|Any CPU
		{C9160897-22E8-4267-B3BB-6B9F931C70EE}.Debug|x64.Deploy.0 = Debug|Any CPU
		{C9160897-22E8-4267-B3BB-6B9F931C70EE}.Debug|x86.ActiveCfg = Debug|Any CPU
		{C9160897-22E8-4267-B3BB-6B9F931C70EE}.Debug|x86.Build.0 = Debug|Any CPU
		{C9160897-22E8-4267-B3BB-6B9F931C70EE}.Debug|x86.Deploy.0 = Debug|Any CPU
		{C9160897-22E8-4267-B3BB-6B9F931C70EE}.Release|Any CPU.ActiveCfg = Release|Any CPU
		{C9160897-22E8-4267-B3BB-6B9F931C70EE}.Release|Any CPU.Build.0 = Release|Any CPU
		{C9160897-22E8-4267-B3BB-6B9F931C70EE}.Release|Any CPU.Deploy.0 = Release|Any CPU
		{C9160897-22E8-4267-B3BB-6B9F931C70EE}.Release|ARM.ActiveCfg = Release|Any CPU
		{C9160897-22E8-4267-B3BB-6B9F931C70EE}.Release|ARM.Build.0 = Release|Any CPU
		{C9160897-22E8-4267-B3BB-6B9F931C70EE}.Release|ARM.Deploy.0 = Release|Any CPU
		{C9160897-22E8-4267-B3BB-6B9F931C70EE}.Release|iPhone.ActiveCfg = Release|Any CPU
		{C9160897-22E8-4267-B3BB-6B9F931C70EE}.Release|iPhone.Build.0 = Release|Any CPU
		{C9160897-22E8-4267-B3BB-6B9F931C70EE}.Release|iPhone.Deploy.0 = Release|Any CPU
		{C9160897-22E8-4267-B3BB-6B9F931C70EE}.Release|iPhoneSimulator.ActiveCfg = Release|Any CPU
		{C9160897-22E8-4267-B3BB-6B9F931C70EE}.Release|iPhoneSimulator.Build.0 = Release|Any CPU
		{C9160897-22E8-4267-B3BB-6B9F931C70EE}.Release|iPhoneSimulator.Deploy.0 = Release|Any CPU
		{C9160897-22E8-4267-B3BB-6B9F931C70EE}.Release|x64.ActiveCfg = Release|Any CPU
		{C9160897-22E8-4267-B3BB-6B9F931C70EE}.Release|x64.Build.0 = Release|Any CPU
		{C9160897-22E8-4267-B3BB-6B9F931C70EE}.Release|x64.Deploy.0 = Release|Any CPU
		{C9160897-22E8-4267-B3BB-6B9F931C70EE}.Release|x86.ActiveCfg = Release|Any CPU
		{C9160897-22E8-4267-B3BB-6B9F931C70EE}.Release|x86.Build.0 = Release|Any CPU
		{C9160897-22E8-4267-B3BB-6B9F931C70EE}.Release|x86.Deploy.0 = Release|Any CPU
		{726D9F1C-6ECF-4E15-9B11-3CEE99F4C317}.Debug|Any CPU.ActiveCfg = Debug|iPhoneSimulator
		{726D9F1C-6ECF-4E15-9B11-3CEE99F4C317}.Debug|ARM.ActiveCfg = Debug|iPhoneSimulator
		{726D9F1C-6ECF-4E15-9B11-3CEE99F4C317}.Debug|iPhone.ActiveCfg = Debug|iPhone
		{726D9F1C-6ECF-4E15-9B11-3CEE99F4C317}.Debug|iPhone.Build.0 = Debug|iPhone
		{726D9F1C-6ECF-4E15-9B11-3CEE99F4C317}.Debug|iPhoneSimulator.ActiveCfg = Debug|iPhoneSimulator
		{726D9F1C-6ECF-4E15-9B11-3CEE99F4C317}.Debug|iPhoneSimulator.Build.0 = Debug|iPhoneSimulator
		{726D9F1C-6ECF-4E15-9B11-3CEE99F4C317}.Debug|x64.ActiveCfg = Debug|iPhoneSimulator
		{726D9F1C-6ECF-4E15-9B11-3CEE99F4C317}.Debug|x86.ActiveCfg = Debug|iPhoneSimulator
		{726D9F1C-6ECF-4E15-9B11-3CEE99F4C317}.Release|Any CPU.ActiveCfg = Release|iPhoneSimulator
		{726D9F1C-6ECF-4E15-9B11-3CEE99F4C317}.Release|ARM.ActiveCfg = Release|iPhoneSimulator
		{726D9F1C-6ECF-4E15-9B11-3CEE99F4C317}.Release|iPhone.ActiveCfg = Release|iPhone
		{726D9F1C-6ECF-4E15-9B11-3CEE99F4C317}.Release|iPhone.Build.0 = Release|iPhone
		{726D9F1C-6ECF-4E15-9B11-3CEE99F4C317}.Release|iPhoneSimulator.ActiveCfg = Release|iPhoneSimulator
		{726D9F1C-6ECF-4E15-9B11-3CEE99F4C317}.Release|iPhoneSimulator.Build.0 = Release|iPhoneSimulator
		{726D9F1C-6ECF-4E15-9B11-3CEE99F4C317}.Release|x64.ActiveCfg = Release|iPhoneSimulator
		{726D9F1C-6ECF-4E15-9B11-3CEE99F4C317}.Release|x86.ActiveCfg = Release|iPhoneSimulator
		{490D9D6C-DB79-4811-9058-274EF97A24E9}.Debug|Any CPU.ActiveCfg = Debug|Any CPU
		{490D9D6C-DB79-4811-9058-274EF97A24E9}.Debug|Any CPU.Build.0 = Debug|Any CPU
		{490D9D6C-DB79-4811-9058-274EF97A24E9}.Debug|ARM.ActiveCfg = Debug|Any CPU
		{490D9D6C-DB79-4811-9058-274EF97A24E9}.Debug|ARM.Build.0 = Debug|Any CPU
		{490D9D6C-DB79-4811-9058-274EF97A24E9}.Debug|iPhone.ActiveCfg = Debug|Any CPU
		{490D9D6C-DB79-4811-9058-274EF97A24E9}.Debug|iPhone.Build.0 = Debug|Any CPU
		{490D9D6C-DB79-4811-9058-274EF97A24E9}.Debug|iPhoneSimulator.ActiveCfg = Debug|Any CPU
		{490D9D6C-DB79-4811-9058-274EF97A24E9}.Debug|iPhoneSimulator.Build.0 = Debug|Any CPU
		{490D9D6C-DB79-4811-9058-274EF97A24E9}.Debug|x64.ActiveCfg = Debug|Any CPU
		{490D9D6C-DB79-4811-9058-274EF97A24E9}.Debug|x64.Build.0 = Debug|Any CPU
		{490D9D6C-DB79-4811-9058-274EF97A24E9}.Debug|x86.ActiveCfg = Debug|Any CPU
		{490D9D6C-DB79-4811-9058-274EF97A24E9}.Debug|x86.Build.0 = Debug|Any CPU
		{490D9D6C-DB79-4811-9058-274EF97A24E9}.Release|Any CPU.ActiveCfg = Release|Any CPU
		{490D9D6C-DB79-4811-9058-274EF97A24E9}.Release|Any CPU.Build.0 = Release|Any CPU
		{490D9D6C-DB79-4811-9058-274EF97A24E9}.Release|ARM.ActiveCfg = Release|Any CPU
		{490D9D6C-DB79-4811-9058-274EF97A24E9}.Release|ARM.Build.0 = Release|Any CPU
		{490D9D6C-DB79-4811-9058-274EF97A24E9}.Release|iPhone.ActiveCfg = Release|Any CPU
		{490D9D6C-DB79-4811-9058-274EF97A24E9}.Release|iPhone.Build.0 = Release|Any CPU
		{490D9D6C-DB79-4811-9058-274EF97A24E9}.Release|iPhoneSimulator.ActiveCfg = Release|Any CPU
		{490D9D6C-DB79-4811-9058-274EF97A24E9}.Release|iPhoneSimulator.Build.0 = Release|Any CPU
		{490D9D6C-DB79-4811-9058-274EF97A24E9}.Release|x64.ActiveCfg = Release|Any CPU
		{490D9D6C-DB79-4811-9058-274EF97A24E9}.Release|x64.Build.0 = Release|Any CPU
		{490D9D6C-DB79-4811-9058-274EF97A24E9}.Release|x86.ActiveCfg = Release|Any CPU
		{490D9D6C-DB79-4811-9058-274EF97A24E9}.Release|x86.Build.0 = Release|Any CPU
		{3F6CFB9D-7361-42B0-B64B-E2ABB1EC8CFD}.Debug|Any CPU.ActiveCfg = Debug|Any CPU
		{3F6CFB9D-7361-42B0-B64B-E2ABB1EC8CFD}.Debug|Any CPU.Build.0 = Debug|Any CPU
		{3F6CFB9D-7361-42B0-B64B-E2ABB1EC8CFD}.Debug|ARM.ActiveCfg = Debug|Any CPU
		{3F6CFB9D-7361-42B0-B64B-E2ABB1EC8CFD}.Debug|ARM.Build.0 = Debug|Any CPU
		{3F6CFB9D-7361-42B0-B64B-E2ABB1EC8CFD}.Debug|iPhone.ActiveCfg = Debug|Any CPU
		{3F6CFB9D-7361-42B0-B64B-E2ABB1EC8CFD}.Debug|iPhone.Build.0 = Debug|Any CPU
		{3F6CFB9D-7361-42B0-B64B-E2ABB1EC8CFD}.Debug|iPhoneSimulator.ActiveCfg = Debug|Any CPU
		{3F6CFB9D-7361-42B0-B64B-E2ABB1EC8CFD}.Debug|iPhoneSimulator.Build.0 = Debug|Any CPU
		{3F6CFB9D-7361-42B0-B64B-E2ABB1EC8CFD}.Debug|x64.ActiveCfg = Debug|Any CPU
		{3F6CFB9D-7361-42B0-B64B-E2ABB1EC8CFD}.Debug|x64.Build.0 = Debug|Any CPU
		{3F6CFB9D-7361-42B0-B64B-E2ABB1EC8CFD}.Debug|x86.ActiveCfg = Debug|Any CPU
		{3F6CFB9D-7361-42B0-B64B-E2ABB1EC8CFD}.Debug|x86.Build.0 = Debug|Any CPU
		{3F6CFB9D-7361-42B0-B64B-E2ABB1EC8CFD}.Release|Any CPU.ActiveCfg = Release|Any CPU
		{3F6CFB9D-7361-42B0-B64B-E2ABB1EC8CFD}.Release|Any CPU.Build.0 = Release|Any CPU
		{3F6CFB9D-7361-42B0-B64B-E2ABB1EC8CFD}.Release|ARM.ActiveCfg = Release|Any CPU
		{3F6CFB9D-7361-42B0-B64B-E2ABB1EC8CFD}.Release|ARM.Build.0 = Release|Any CPU
		{3F6CFB9D-7361-42B0-B64B-E2ABB1EC8CFD}.Release|iPhone.ActiveCfg = Release|Any CPU
		{3F6CFB9D-7361-42B0-B64B-E2ABB1EC8CFD}.Release|iPhone.Build.0 = Release|Any CPU
		{3F6CFB9D-7361-42B0-B64B-E2ABB1EC8CFD}.Release|iPhoneSimulator.ActiveCfg = Release|Any CPU
		{3F6CFB9D-7361-42B0-B64B-E2ABB1EC8CFD}.Release|iPhoneSimulator.Build.0 = Release|Any CPU
		{3F6CFB9D-7361-42B0-B64B-E2ABB1EC8CFD}.Release|x64.ActiveCfg = Release|Any CPU
		{3F6CFB9D-7361-42B0-B64B-E2ABB1EC8CFD}.Release|x64.Build.0 = Release|Any CPU
		{3F6CFB9D-7361-42B0-B64B-E2ABB1EC8CFD}.Release|x86.ActiveCfg = Release|Any CPU
		{3F6CFB9D-7361-42B0-B64B-E2ABB1EC8CFD}.Release|x86.Build.0 = Release|Any CPU
	EndGlobalSection
	GlobalSection(SolutionProperties) = preSolution
		HideSolutionNode = FALSE
	EndGlobalSection
	GlobalSection(NestedProjects) = preSolution
		{EC17C7E2-B999-4D04-A248-C247373C1B7F} = {389E4A1B-8FCC-4DFF-A6AA-F548623776FA}
		{C9160897-22E8-4267-B3BB-6B9F931C70EE} = {389E4A1B-8FCC-4DFF-A6AA-F548623776FA}
		{726D9F1C-6ECF-4E15-9B11-3CEE99F4C317} = {389E4A1B-8FCC-4DFF-A6AA-F548623776FA}
		{490D9D6C-DB79-4811-9058-274EF97A24E9} = {389E4A1B-8FCC-4DFF-A6AA-F548623776FA}
	EndGlobalSection
	GlobalSection(ExtensibilityGlobals) = postSolution
		SolutionGuid = {BEF93963-8350-48B9-BA54-F6504964CC9F}
	EndGlobalSection
EndGlobal
